// !$*UTF8*$!
{
	archiveVersion = 1;
	classes = {
	};
	objectVersion = 77;
	objects = {

/* Begin PBXBuildFile section */
		AA62CFB53036187B009FA90C /* WidgetKit.framework in Frameworks */ = {isa = PBXBuildFile; fileRef = AA62CFB43036187B009FA90C /* WidgetKit.framework */; };
		AA62CFB73036187B009FA90C /* SwiftUI.framework in Frameworks */ = {isa = PBXBuildFile; fileRef = AA62CFB63036187B009FA90C /* SwiftUI.framework */; };
		AA62CFC63036187E009FA90C /* FocusTimerWidgetExtension.appex in Embed Foundation Extensions */ = {isa = PBXBuildFile; fileRef = AA62CFB23036187B009FA90C /* FocusTimerWidgetExtension.appex */; settings = {ATTRIBUTES = (RemoveHeadersOnCopy, ); }; };
		FA0000043009F8C0008ECC04 /* FirebaseAuth in Frameworks */ = {isa = PBXBuildFile; productRef = FA0000023009F8C0008ECC02 /* FirebaseAuth */; };
		FA0000053009F8C0008ECC05 /* FirebaseFirestore in Frameworks */ = {isa = PBXBuildFile; productRef = FA0000033009F8C0008ECC03 /* FirebaseFirestore */; };
		FA0000073009F8C0008ECC07 /* FirebaseStorage in Frameworks */ = {isa = PBXBuildFile; productRef = FA0000063009F8C0008ECC06 /* FirebaseStorage */; };
/* End PBXBuildFile section */

/* Begin PBXContainerItemProxy section */
		AA62CFC43036187E009FA90C /* PBXContainerItemProxy */ = {
			isa = PBXContainerItemProxy;
			containerPortal = AAF46F3C3009F8BE008ECC13 /* Project object */;
			proxyType = 1;
			remoteGlobalIDString = AA62CFB13036187B009FA90C;
			remoteInfo = FocusTimerWidgetExtension;
		};
		AAF46F523009F8C0008ECC13 /* PBXContainerItemProxy */ = {
			isa = PBXContainerItemProxy;
			containerPortal = AAF46F3C3009F8BE008ECC13 /* Project object */;
			proxyType = 1;
			remoteGlobalIDString = AAF46F433009F8BE008ECC13;
			remoteInfo = "ADHD LifeOS";
		};
		AAF46F5C3009F8C0008ECC13 /* PBXContainerItemProxy */ = {
			isa = PBXContainerItemProxy;
			containerPortal = AAF46F3C3009F8BE008ECC13 /* Project object */;
			proxyType = 1;
			remoteGlobalIDString = AAF46F433009F8BE008ECC13;
			remoteInfo = "ADHD LifeOS";
		};
/* End PBXContainerItemProxy section */

/* Begin PBXCopyFilesBuildPhase section */
		AA62CFC73036187E009FA90C /* Embed Foundation Extensions */ = {
			isa = PBXCopyFilesBuildPhase;
			buildActionMask = 2147483647;
			dstPath = "";
			dstSubfolderSpec = 13;
			files = (
				AA62CFC63036187E009FA90C /* FocusTimerWidgetExtension.appex in Embed Foundation Extensions */,
			);
			name = "Embed Foundation Extensions";
			runOnlyForDeploymentPostprocessing = 0;
		};
/* End PBXCopyFilesBuildPhase section */

/* Begin PBXFileReference section */
		AA62CFB23036187B009FA90C /* FocusTimerWidgetExtension.appex */ = {isa = PBXFileReference; explicitFileType = "wrapper.app-extension"; includeInIndex = 0; path = FocusTimerWidgetExtension.appex; sourceTree = BUILT_PRODUCTS_DIR; };
		AA62CFB43036187B009FA90C /* WidgetKit.framework */ = {isa = PBXFileReference; lastKnownFileType = wrapper.framework; name = WidgetKit.framework; path = System/Library/Frameworks/WidgetKit.framework; sourceTree = SDKROOT; };
		AA62CFB63036187B009FA90C /* SwiftUI.framework */ = {isa = PBXFileReference; lastKnownFileType = wrapper.framework; name = SwiftUI.framework; path = System/Library/Frameworks/SwiftUI.framework; sourceTree = SDKROOT; };
		AAF46F443009F8BE008ECC13 /* ADHD LifeOS.app */ = {isa = PBXFileReference; explicitFileType = wrapper.application; includeInIndex = 0; path = "ADHD LifeOS.app"; sourceTree = BUILT_PRODUCTS_DIR; };
		AAF46F513009F8C0008ECC13 /* ADHD LifeOSTests.xctest */ = {isa = PBXFileReference; explicitFileType = wrapper.cfbundle; includeInIndex = 0; path = "ADHD LifeOSTests.xctest"; sourceTree = BUILT_PRODUCTS_DIR; };
		AAF46F5B3009F8C0008ECC13 /* ADHD LifeOSUITests.xctest */ = {isa = PBXFileReference; explicitFileType = wrapper.cfbundle; includeInIndex = 0; path = "ADHD LifeOSUITests.xctest"; sourceTree = BUILT_PRODUCTS_DIR; };
/* End PBXFileReference section */

/* Begin PBXFileSystemSynchronizedBuildFileExceptionSet section */
		AA62CFCB3036187E009FA90C /* Exceptions for "FocusTimerWidget" folder in "FocusTimerWidgetExtension" target */ = {
			isa = PBXFileSystemSynchronizedBuildFileExceptionSet;
			membershipExceptions = (
				Info.plist,
			);
			target = AA62CFB13036187B009FA90C /* FocusTimerWidgetExtension */;
		};
		AA62CFCC3036187E009FA90C /* Exceptions for "FocusTimerWidget" folder in "ADHD LifeOS" target */ = {
			isa = PBXFileSystemSynchronizedBuildFileExceptionSet;
			membershipExceptions = (
				FocusActivityAttributes.swift,
				FocusSprintIntents.swift,
				FocusWidgetSnapshot.swift,
				LifeAreasWidgetSnapshot.swift,
				RoutineActivityAttributes.swift,
			);
			target = AAF46F433009F8BE008ECC13 /* ADHD LifeOS */;
		};
		AAF46F753009F8C0008ECC13 /* Exceptions for "ADHD LifeOS" folder in "ADHD LifeOS" target */ = {
			isa = PBXFileSystemSynchronizedBuildFileExceptionSet;
			membershipExceptions = (
				Info.plist,
			);
			target = AAF46F433009F8BE008ECC13 /* ADHD LifeOS */;
		};
/* End PBXFileSystemSynchronizedBuildFileExceptionSet section */

/* Begin PBXFileSystemSynchronizedRootGroup section */
		AA62CFB83036187B009FA90C /* FocusTimerWidget */ = {
			isa = PBXFileSystemSynchronizedRootGroup;
			exceptions = (
				AA62CFCC3036187E009FA90C /* Exceptions for "FocusTimerWidget" folder in "ADHD LifeOS" target */,
				AA62CFCB3036187E009FA90C /* Exceptions for "FocusTimerWidget" folder in "FocusTimerWidgetExtension" target */,
			);
			path = FocusTimerWidget;
			sourceTree = "<group>";
		};
		AAF46F463009F8BE008ECC13 /* ADHD LifeOS */ = {
			isa = PBXFileSystemSynchronizedRootGroup;
			exceptions = (
				AAF46F753009F8C0008ECC13 /* Exceptions for "ADHD LifeOS" folder in "ADHD LifeOS" target */,
			);
			path = "ADHD LifeOS";
			sourceTree = "<group>";
		};
		AAF46F543009F8C0008ECC13 /* ADHD LifeOSTests */ = {
			isa = PBXFileSystemSynchronizedRootGroup;
			path = "ADHD LifeOSTests";
			sourceTree = "<group>";
		};
		AAF46F5E3009F8C0008ECC13 /* ADHD LifeOSUITests */ = {
			isa = PBXFileSystemSynchronizedRootGroup;
			path = "ADHD LifeOSUITests";
			sourceTree = "<group>";
		};
/* End PBXFileSystemSynchronizedRootGroup section */

/* Begin PBXFrameworksBuildPhase section */
		AA62CFAF3036187B009FA90C /* Frameworks */ = {
			isa = PBXFrameworksBuildPhase;
			buildActionMask = 2147483647;
			files = (
				AA62CFB73036187B009FA90C /* SwiftUI.framework in Frameworks */,
				AA62CFB53036187B009FA90C /* WidgetKit.framework in Frameworks */,
			);
			runOnlyForDeploymentPostprocessing = 0;
		};
		AAF46F413009F8BE008ECC13 /* Frameworks */ = {
			isa = PBXFrameworksBuildPhase;
			buildActionMask = 2147483647;
			files = (
				FA0000043009F8C0008ECC04 /* FirebaseAuth in Frameworks */,
				FA0000053009F8C0008ECC05 /* FirebaseFirestore in Frameworks */,
				FA0000073009F8C0008ECC07 /* FirebaseStorage in Frameworks */,
			);
			runOnlyForDeploymentPostprocessing = 0;
		};
		AAF46F4E3009F8C0008ECC13 /* Frameworks */ = {
			isa = PBXFrameworksBuildPhase;
			buildActionMask = 2147483647;
			files = (
			);
			runOnlyForDeploymentPostprocessing = 0;
		};
		AAF46F583009F8C0008ECC13 /* Frameworks */ = {
			isa = PBXFrameworksBuildPhase;
			buildActionMask = 2147483647;
			files = (
			);
			runOnlyForDeploymentPostprocessing = 0;
		};
/* End PBXFrameworksBuildPhase section */

/* Begin PBXGroup section */
		AA62CFB33036187B009FA90C /* Frameworks */ = {
			isa = PBXGroup;
			children = (
				AA62CFB43036187B009FA90C /* WidgetKit.framework */,
				AA62CFB63036187B009FA90C /* SwiftUI.framework */,
			);
			name = Frameworks;
			sourceTree = "<group>";
		};
		AAF46F3B3009F8BE008ECC13 = {
			isa = PBXGroup;
			children = (
				AAF46F463009F8BE008ECC13 /* ADHD LifeOS */,
				AAF46F543009F8C0008ECC13 /* ADHD LifeOSTests */,
				AAF46F5E3009F8C0008ECC13 /* ADHD LifeOSUITests */,
				AA62CFB83036187B009FA90C /* FocusTimerWidget */,
				AA62CFB33036187B009FA90C /* Frameworks */,
				AAF46F453009F8BE008ECC13 /* Products */,
			);
			sourceTree = "<group>";
		};
		AAF46F453009F8BE008ECC13 /* Products */ = {
			isa = PBXGroup;
			children = (
				AAF46F443009F8BE008ECC13 /* ADHD LifeOS.app */,
				AAF46F513009F8C0008ECC13 /* ADHD LifeOSTests.xctest */,
				AAF46F5B3009F8C0008ECC13 /* ADHD LifeOSUITests.xctest */,
				AA62CFB23036187B009FA90C /* FocusTimerWidgetExtension.appex */,
			);
			name = Products;
			sourceTree = "<group>";
		};
/* End PBXGroup section */

/* Begin PBXNativeTarget section */
		AA62CFB13036187B009FA90C /* FocusTimerWidgetExtension */ = {
			isa = PBXNativeTarget;
			buildConfigurationList = AA62CFCA3036187E009FA90C /* Build configuration list for PBXNativeTarget "FocusTimerWidgetExtension" */;
			buildPhases = (
				AA62CFAE3036187B009FA90C /* Sources */,
				AA62CFAF3036187B009FA90C /* Frameworks */,
				AA62CFB03036187B009FA90C /* Resources */,
			);
			buildRules = (
			);
			dependencies = (
			);
			fileSystemSynchronizedGroups = (
				AA62CFB83036187B009FA90C /* FocusTimerWidget */,
			);
			name = FocusTimerWidgetExtension;
			packageProductDependencies = (
			);
			productName = FocusTimerWidgetExtension;
			productReference = AA62CFB23036187B009FA90C /* FocusTimerWidgetExtension.appex */;
			productType = "com.apple.product-type.app-extension";
		};
		AAF46F433009F8BE008ECC13 /* ADHD LifeOS */ = {
			isa = PBXNativeTarget;
			buildConfigurationList = AAF46F653009F8C0008ECC13 /* Build configuration list for PBXNativeTarget "ADHD LifeOS" */;
			buildPhases = (
				AAF46F403009F8BE008ECC13 /* Sources */,
				AAF46F413009F8BE008ECC13 /* Frameworks */,
				AAF46F423009F8BE008ECC13 /* Resources */,
				AA62CFC73036187E009FA90C /* Embed Foundation Extensions */,
			);
			buildRules = (
			);
			dependencies = (
				AA62CFC53036187E009FA90C /* PBXTargetDependency */,
			);
			fileSystemSynchronizedGroups = (
				AAF46F463009F8BE008ECC13 /* ADHD LifeOS */,
			);
			name = "ADHD LifeOS";
			packageProductDependencies = (
				FA0000023009F8C0008ECC02 /* FirebaseAuth */,
				FA0000033009F8C0008ECC03 /* FirebaseFirestore */,
				FA0000063009F8C0008ECC06 /* FirebaseStorage */,
			);
			productName = "ADHD LifeOS";
			productReference = AAF46F443009F8BE008ECC13 /* ADHD LifeOS.app */;
			productType = "com.apple.product-type.application";
		};
		AAF46F503009F8C0008ECC13 /* ADHD LifeOSTests */ = {
			isa = PBXNativeTarget;
			buildConfigurationList = AAF46F683009F8C0008ECC13 /* Build configuration list for PBXNativeTarget "ADHD LifeOSTests" */;
			buildPhases = (
				AAF46F4D3009F8C0008ECC13 /* Sources */,
				AAF46F4E3009F8C0008ECC13 /* Frameworks */,
				AAF46F4F3009F8C0008ECC13 /* Resources */,
			);
			buildRules = (
			);
			dependencies = (
				AAF46F533009F8C0008ECC13 /* PBXTargetDependency */,
			);
			fileSystemSynchronizedGroups = (
				AAF46F543009F8C0008ECC13 /* ADHD LifeOSTests */,
			);
			name = "ADHD LifeOSTests";
			packageProductDependencies = (
			);
			productName = "ADHD LifeOSTests";
			productReference = AAF46F513009F8C0008ECC13 /* ADHD LifeOSTests.xctest */;
			productType = "com.apple.product-type.bundle.unit-test";
		};
		AAF46F5A3009F8C0008ECC13 /* ADHD LifeOSUITests */ = {
			isa = PBXNativeTarget;
			buildConfigurationList = AAF46F6B3009F8C0008ECC13 /* Build configuration list for PBXNativeTarget "ADHD LifeOSUITests" */;
			buildPhases = (
				AAF46F573009F8C0008ECC13 /* Sources */,
				AAF46F583009F8C0008ECC13 /* Frameworks */,
				AAF46F593009F8C0008ECC13 /* Resources */,
			);
			buildRules = (
			);
			dependencies = (
				AAF46F5D3009F8C0008ECC13 /* PBXTargetDependency */,
			);
			fileSystemSynchronizedGroups = (
				AAF46F5E3009F8C0008ECC13 /* ADHD LifeOSUITests */,
			);
			name = "ADHD LifeOSUITests";
			packageProductDependencies = (
			);
			productName = "ADHD LifeOSUITests";
			productReference = AAF46F5B3009F8C0008ECC13 /* ADHD LifeOSUITests.xctest */;
			productType = "com.apple.product-type.bundle.ui-testing";
		};
/* End PBXNativeTarget section */

/* Begin PBXProject section */
		AAF46F3C3009F8BE008ECC13 /* Project object */ = {
			isa = PBXProject;
			attributes = {
				BuildIndependentTargetsInParallel = 1;
				LastSwiftUpdateCheck = 2660;
				LastUpgradeCheck = 2660;
				TargetAttributes = {
					AA62CFB13036187B009FA90C = {
						CreatedOnToolsVersion = 26.6;
					};
					AAF46F433009F8BE008ECC13 = {
						CreatedOnToolsVersion = 26.6;
					};
					AAF46F503009F8C0008ECC13 = {
						CreatedOnToolsVersion = 26.6;
						TestTargetID = AAF46F433009F8BE008ECC13;
					};
					AAF46F5A3009F8C0008ECC13 = {
						CreatedOnToolsVersion = 26.6;
						TestTargetID = AAF46F433009F8BE008ECC13;
					};
				};
			};
			buildConfigurationList = AAF46F3F3009F8BE008ECC13 /* Build configuration list for PBXProject "ADHD LifeOS" */;
			developmentRegion = en;
			hasScannedForEncodings = 0;
			knownRegions = (
				en,
				Base,
			);
			mainGroup = AAF46F3B3009F8BE008ECC13;
			minimizedProjectReferenceProxies = 1;
			packageReferences = (
				FA0000013009F8C0008ECC01 /* XCRemoteSwiftPackageReference "firebase-ios-sdk" */,
			);
			preferredProjectObjectVersion = 77;
			productRefGroup = AAF46F453009F8BE008ECC13 /* Products */;
			projectDirPath = "";
			projectRoot = "";
			targets = (
				AAF46F433009F8BE008ECC13 /* ADHD LifeOS */,
				AAF46F503009F8C0008ECC13 /* ADHD LifeOSTests */,
				AAF46F5A3009F8C0008ECC13 /* ADHD LifeOSUITests */,
				AA62CFB13036187B009FA90C /* FocusTimerWidgetExtension */,
			);
		};
/* End PBXProject section */

/* Begin PBXResourcesBuildPhase section */
		AA62CFB03036187B009FA90C /* Resources */ = {
			isa = PBXResourcesBuildPhase;
			buildActionMask = 2147483647;
			files = (
			);
			runOnlyForDeploymentPostprocessing = 0;
		};
		AAF46F423009F8BE008ECC13 /* Resources */ = {
			isa = PBXResourcesBuildPhase;
			buildActionMask = 2147483647;
			files = (
			);
			runOnlyForDeploymentPostprocessing = 0;
		};
		AAF46F4F3009F8C0008ECC13 /* Resources */ = {
			isa = PBXResourcesBuildPhase;
			buildActionMask = 2147483647;
			files = (
			);
			runOnlyForDeploymentPostprocessing = 0;
		};
		AAF46F593009F8C0008ECC13 /* Resources */ = {
			isa = PBXResourcesBuildPhase;
			buildActionMask = 2147483647;
			files = (
			);
			runOnlyForDeploymentPostprocessing = 0;
		};
/* End PBXResourcesBuildPhase section */

/* Begin PBXSourcesBuildPhase section */
		AA62CFAE3036187B009FA90C /* Sources */ = {
			isa = PBXSourcesBuildPhase;
			buildActionMask = 2147483647;
			files = (
			);
			runOnlyForDeploymentPostprocessing = 0;
		};
		AAF46F403009F8BE008ECC13 /* Sources */ = {
			isa = PBXSourcesBuildPhase;
			buildActionMask = 2147483647;
			files = (
			);
			runOnlyForDeploymentPostprocessing = 0;
		};
		AAF46F4D3009F8C0008ECC13 /* Sources */ = {
			isa = PBXSourcesBuildPhase;
			buildActionMask = 2147483647;
			files = (
			);
			runOnlyForDeploymentPostprocessing = 0;
		};
		AAF46F573009F8C0008ECC13 /* Sources */ = {
			isa = PBXSourcesBuildPhase;
			buildActionMask = 2147483647;
			files = (
			);
			runOnlyForDeploymentPostprocessing = 0;
		};
/* End PBXSourcesBuildPhase section */

/* Begin PBXTargetDependency section */
		AA62CFC53036187E009FA90C /* PBXTargetDependency */ = {
			isa = PBXTargetDependency;
			target = AA62CFB13036187B009FA90C /* FocusTimerWidgetExtension */;
			targetProxy = AA62CFC43036187E009FA90C /* PBXContainerItemProxy */;
		};
		AAF46F533009F8C0008ECC13 /* PBXTargetDependency */ = {
			isa = PBXTargetDependency;
			target = AAF46F433009F8BE008ECC13 /* ADHD LifeOS */;
			targetProxy = AAF46F523009F8C0008ECC13 /* PBXContainerItemProxy */;
		};
		AAF46F5D3009F8C0008ECC13 /* PBXTargetDependency */ = {
			isa = PBXTargetDependency;
			target = AAF46F433009F8BE008ECC13 /* ADHD LifeOS */;
			targetProxy = AAF46F5C3009F8C0008ECC13 /* PBXContainerItemProxy */;
		};
/* End PBXTargetDependency section */

/* Begin XCBuildConfiguration section */
		AA62CFC83036187E009FA90C /* Debug */ = {
			isa = XCBuildConfiguration;
			buildSettings = {
				ASSETCATALOG_COMPILER_GLOBAL_ACCENT_COLOR_NAME = AccentColor;
				ASSETCATALOG_COMPILER_WIDGET_BACKGROUND_COLOR_NAME = WidgetBackground;
				CODE_SIGN_ENTITLEMENTS = FocusTimerWidget/FocusTimerWidget.entitlements;
				CODE_SIGN_STYLE = Automatic;
				CURRENT_PROJECT_VERSION = 1;
				DEVELOPMENT_TEAM = 3U587KEQ5C;
				GENERATE_INFOPLIST_FILE = YES;
				INFOPLIST_FILE = FocusTimerWidget/Info.plist;
				INFOPLIST_KEY_CFBundleDisplayName = FocusTimerWidget;
				INFOPLIST_KEY_NSHumanReadableCopyright = "";
				IPHONEOS_DEPLOYMENT_TARGET = 16.1;
				LD_RUNPATH_SEARCH_PATHS = (
					"$(inherited)",
					"@executable_path/Frameworks",
					"@executable_path/../../Frameworks",
				);
				MARKETING_VERSION = 1.3;
				PRODUCT_BUNDLE_IDENTIFIER = "com.ethananthony.ADHD-LifeOS.FocusTimerWidget";
				PRODUCT_NAME = "$(TARGET_NAME)";
				SKIP_INSTALL = YES;
				STRING_CATALOG_GENERATE_SYMBOLS = YES;
				SWIFT_APPROACHABLE_CONCURRENCY = YES;
				SWIFT_EMIT_LOC_STRINGS = YES;
				SWIFT_UPCOMING_FEATURE_MEMBER_IMPORT_VISIBILITY = YES;
				SWIFT_VERSION = 5.0;
				TARGETED_DEVICE_FAMILY = "1,2";
			};
			name = Debug;
		};
		AA62CFC93036187E009FA90C /* Release */ = {
			isa = XCBuildConfiguration;
			buildSettings = {
				ASSETCATALOG_COMPILER_GLOBAL_ACCENT_COLOR_NAME = AccentColor;
				ASSETCATALOG_COMPILER_WIDGET_BACKGROUND_COLOR_NAME = WidgetBackground;
				CODE_SIGN_ENTITLEMENTS = FocusTimerWidget/FocusTimerWidget.entitlements;
				CODE_SIGN_STYLE = Automatic;
				CURRENT_PROJECT_VERSION = 1;
				DEVELOPMENT_TEAM = 3U587KEQ5C;
				GENERATE_INFOPLIST_FILE = YES;
				INFOPLIST_FILE = FocusTimerWidget/Info.plist;
				INFOPLIST_KEY_CFBundleDisplayName = FocusTimerWidget;
				INFOPLIST_KEY_NSHumanReadableCopyright = "";
				IPHONEOS_DEPLOYMENT_TARGET = 16.1;
				LD_RUNPATH_SEARCH_PATHS = (
					"$(inherited)",
					"@executable_path/Frameworks",
					"@executable_path/../../Frameworks",
				);
				MARKETING_VERSION = 1.3;
				PRODUCT_BUNDLE_IDENTIFIER = "com.ethananthony.ADHD-LifeOS.FocusTimerWidget";
				PRODUCT_NAME = "$(TARGET_NAME)";
				SKIP_INSTALL = YES;
				STRING_CATALOG_GENERATE_SYMBOLS = YES;
				SWIFT_APPROACHABLE_CONCURRENCY = YES;
				SWIFT_EMIT_LOC_STRINGS = YES;
				SWIFT_UPCOMING_FEATURE_MEMBER_IMPORT_VISIBILITY = YES;
				SWIFT_VERSION = 5.0;
				TARGETED_DEVICE_FAMILY = "1,2";
			};
			name = Release;
		};
		AAF46F633009F8C0008ECC13 /* Debug */ = {
			isa = XCBuildConfiguration;
			buildSettings = {
				ALWAYS_SEARCH_USER_PATHS = NO;
				ASSETCATALOG_COMPILER_GENERATE_SWIFT_ASSET_SYMBOL_EXTENSIONS = YES;
				CLANG_ANALYZER_NONNULL = YES;
				CLANG_ANALYZER_NUMBER_OBJECT_CONVERSION = YES_AGGRESSIVE;
				CLANG_CXX_LANGUAGE_STANDARD = "gnu++20";
				CLANG_ENABLE_MODULES = YES;
				CLANG_ENABLE_OBJC_ARC = YES;
				CLANG_ENABLE_OBJC_WEAK = YES;
				CLANG_WARN_BLOCK_CAPTURE_AUTORELEASING = YES;
				CLANG_WARN_BOOL_CONVERSION = YES;
				CLANG_WARN_COMMA = YES;
				CLANG_WARN_CONSTANT_CONVERSION = YES;
				CLANG_WARN_DEPRECATED_OBJC_IMPLEMENTATIONS = YES;
				CLANG_WARN_DIRECT_OBJC_ISA_USAGE = YES_ERROR;
				CLANG_WARN_DOCUMENTATION_COMMENTS = YES;
				CLANG_WARN_EMPTY_BODY = YES;
				CLANG_WARN_ENUM_CONVERSION = YES;
				CLANG_WARN_INFINITE_RECURSION = YES;
				CLANG_WARN_INT_CONVERSION = YES;
				CLANG_WARN_NON_LITERAL_NULL_CONVERSION = YES;
				CLANG_WARN_OBJC_IMPLICIT_RETAIN_SELF = YES;
				CLANG_WARN_OBJC_LITERAL_CONVERSION = YES;
				CLANG_WARN_OBJC_ROOT_CLASS = YES_ERROR;
				CLANG_WARN_QUOTED_INCLUDE_IN_FRAMEWORK_HEADER = YES;
				CLANG_WARN_RANGE_LOOP_ANALYSIS = YES;
				CLANG_WARN_STRICT_PROTOTYPES = YES;
				CLANG_WARN_SUSPICIOUS_MOVE = YES;
				CLANG_WARN_UNGUARDED_AVAILABILITY = YES_AGGRESSIVE;
				CLANG_WARN_UNREACHABLE_CODE = YES;
				CLANG_WARN__DUPLICATE_METHOD_MATCH = YES;
				COPY_PHASE_STRIP = NO;
				DEBUG_INFORMATION_FORMAT = dwarf;
				ENABLE_STRICT_OBJC_MSGSEND = YES;
				ENABLE_TESTABILITY = YES;
				ENABLE_USER_SCRIPT_SANDBOXING = YES;
				GCC_C_LANGUAGE_STANDARD = gnu17;
				GCC_DYNAMIC_NO_PIC = NO;
				GCC_NO_COMMON_BLOCKS = YES;
				GCC_OPTIMIZATION_LEVEL = 0;
				GCC_PREPROCESSOR_DEFINITIONS = (
					"DEBUG=1",
					"$(inherited)",
				);
				GCC_WARN_64_TO_32_BIT_CONVERSION = YES;
				GCC_WARN_ABOUT_RETURN_TYPE = YES_ERROR;
				GCC_WARN_UNDECLARED_SELECTOR = YES;
				GCC_WARN_UNINITIALIZED_AUTOS = YES_AGGRESSIVE;
				GCC_WARN_UNUSED_FUNCTION = YES;
				GCC_WARN_UNUSED_VARIABLE = YES;
				IPHONEOS_DEPLOYMENT_TARGET = 16.0;
				LOCALIZATION_PREFERS_STRING_CATALOGS = YES;
				MTL_ENABLE_DEBUG_INFO = INCLUDE_SOURCE;
				MTL_FAST_MATH = YES;
				ONLY_ACTIVE_ARCH = YES;
				SDKROOT = iphoneos;
				STRING_CATALOG_GENERATE_SYMBOLS = YES;
				SWIFT_ACTIVE_COMPILATION_CONDITIONS = "DEBUG $(inherited)";
				SWIFT_OPTIMIZATION_LEVEL = "-Onone";
			};
			name = Debug;
		};
		AAF46F643009F8C0008ECC13 /* Release */ = {
			isa = XCBuildConfiguration;
			buildSettings = {
				ALWAYS_SEARCH_USER_PATHS = NO;
				ASSETCATALOG_COMPILER_GENERATE_SWIFT_ASSET_SYMBOL_EXTENSIONS = YES;
				CLANG_ANALYZER_NONNULL = YES;
				CLANG_ANALYZER_NUMBER_OBJECT_CONVERSION = YES_AGGRESSIVE;
				CLANG_CXX_LANGUAGE_STANDARD = "gnu++20";
				CLANG_ENABLE_MODULES = YES;
				CLANG_ENABLE_OBJC_ARC = YES;
				CLANG_ENABLE_OBJC_WEAK = YES;
				CLANG_WARN_BLOCK_CAPTURE_AUTORELEASING = YES;
				CLANG_WARN_BOOL_CONVERSION = YES;
				CLANG_WARN_COMMA = YES;
				CLANG_WARN_CONSTANT_CONVERSION = YES;
				CLANG_WARN_DEPRECATED_OBJC_IMPLEMENTATIONS = YES;
				CLANG_WARN_DIRECT_OBJC_ISA_USAGE = YES_ERROR;
				CLANG_WARN_DOCUMENTATION_COMMENTS = YES;
				CLANG_WARN_EMPTY_BODY = YES;
				CLANG_WARN_ENUM_CONVERSION = YES;
				CLANG_WARN_INFINITE_RECURSION = YES;
				CLANG_WARN_INT_CONVERSION = YES;
				CLANG_WARN_NON_LITERAL_NULL_CONVERSION = YES;
				CLANG_WARN_OBJC_IMPLICIT_RETAIN_SELF = YES;
				CLANG_WARN_OBJC_LITERAL_CONVERSION = YES;
				CLANG_WARN_OBJC_ROOT_CLASS = YES_ERROR;
				CLANG_WARN_QUOTED_INCLUDE_IN_FRAMEWORK_HEADER = YES;
				CLANG_WARN_RANGE_LOOP_ANALYSIS = YES;
				CLANG_WARN_STRICT_PROTOTYPES = YES;
				CLANG_WARN_SUSPICIOUS_MOVE = YES;
				CLANG_WARN_UNGUARDED_AVAILABILITY = YES_AGGRESSIVE;
				CLANG_WARN_UNREACHABLE_CODE = YES;
				CLANG_WARN__DUPLICATE_METHOD_MATCH = YES;
				COPY_PHASE_STRIP = NO;
				DEBUG_INFORMATION_FORMAT = "dwarf-with-dsym";
				ENABLE_NS_ASSERTIONS = NO;
				ENABLE_STRICT_OBJC_MSGSEND = YES;
				ENABLE_USER_SCRIPT_SANDBOXING = YES;
				GCC_C_LANGUAGE_STANDARD = gnu17;
				GCC_NO_COMMON_BLOCKS = YES;
				GCC_WARN_64_TO_32_BIT_CONVERSION = YES;
				GCC_WARN_ABOUT_RETURN_TYPE = YES_ERROR;
				GCC_WARN_UNDECLARED_SELECTOR = YES;
				GCC_WARN_UNINITIALIZED_AUTOS = YES_AGGRESSIVE;
				GCC_WARN_UNUSED_FUNCTION = YES;
				GCC_WARN_UNUSED_VARIABLE = YES;
				IPHONEOS_DEPLOYMENT_TARGET = 16.0;
				LOCALIZATION_PREFERS_STRING_CATALOGS = YES;
				MTL_ENABLE_DEBUG_INFO = NO;
				MTL_FAST_MATH = YES;
				SDKROOT = iphoneos;
				STRING_CATALOG_GENERATE_SYMBOLS = YES;
				SWIFT_COMPILATION_MODE = wholemodule;
				VALIDATE_PRODUCT = YES;
			};
			name = Release;
		};
		AAF46F663009F8C0008ECC13 /* Debug */ = {
			isa = XCBuildConfiguration;
			buildSettings = {
				ASSETCATALOG_COMPILER_APPICON_NAME = AppIcon;
				ASSETCATALOG_COMPILER_GLOBAL_ACCENT_COLOR_NAME = AccentColor;
				ASSETCATALOG_COMPILER_INCLUDE_ALL_APPICON_ASSETS = NO;
				CODE_SIGN_ENTITLEMENTS = "ADHD LifeOS/ADHD LifeOS.entitlements";
				CODE_SIGN_STYLE = Automatic;
				CURRENT_PROJECT_VERSION = 1;
				DEVELOPMENT_TEAM = 3U587KEQ5C;
				ENABLE_PREVIEWS = YES;
				GENERATE_INFOPLIST_FILE = YES;
				INFOPLIST_FILE = "ADHD LifeOS/Info.plist";
				INFOPLIST_KEY_CFBundleDisplayName = LifeOS;
				INFOPLIST_KEY_LSApplicationCategoryType = "public.app-category.productivity";
				INFOPLIST_KEY_NSCameraUsageDescription = "ADHD LifeOS uses the camera to take a photo for a capture.";
				INFOPLIST_KEY_NSLocationAlwaysAndWhenInUseUsageDescription = "Lets Momentum nudge you when you arrive at one of your places — like surfacing your errands when you reach the shops. Your location is never shared with anyone.";
				INFOPLIST_KEY_NSLocationWhenInUseUsageDescription = "Records where a capture, journal entry or focus sprint happened, so you can see where you actually get things done.";
				INFOPLIST_KEY_NSMicrophoneUsageDescription = "ADHD LifeOS uses the microphone to record a voice note for a capture.";
				INFOPLIST_KEY_NSPhotoLibraryUsageDescription = "ADHD LifeOS uses your photo library to attach a photo to a capture.";
				INFOPLIST_KEY_NSSpeechRecognitionUsageDescription = "ADHD LifeOS uses speech recognition to transcribe your voice note.";
				INFOPLIST_KEY_NSSupportsLiveActivities = YES;
				INFOPLIST_KEY_UIApplicationSceneManifest_Generation = YES;
				INFOPLIST_KEY_UIApplicationSupportsIndirectInputEvents = YES;
				INFOPLIST_KEY_UILaunchScreen_Generation = YES;
				INFOPLIST_KEY_UISupportedInterfaceOrientations = "UIInterfaceOrientationLandscapeLeft UIInterfaceOrientationLandscapeRight UIInterfaceOrientationPortrait UIInterfaceOrientationPortraitUpsideDown";
				LD_RUNPATH_SEARCH_PATHS = (
					"$(inherited)",
					"@executable_path/Frameworks",
				);
				MARKETING_VERSION = 1.3;
				PRODUCT_BUNDLE_IDENTIFIER = "com.ethananthony.ADHD-LifeOS";
				PRODUCT_NAME = "$(TARGET_NAME)";
				STRING_CATALOG_GENERATE_SYMBOLS = YES;
				SWIFT_APPROACHABLE_CONCURRENCY = YES;
				SWIFT_DEFAULT_ACTOR_ISOLATION = MainActor;
				SWIFT_EMIT_LOC_STRINGS = YES;
				SWIFT_UPCOMING_FEATURE_MEMBER_IMPORT_VISIBILITY = YES;
				SWIFT_VERSION = 5.0;
				TARGETED_DEVICE_FAMILY = "1,2";
			};
			name = Debug;
		};
		AAF46F673009F8C0008ECC13 /* Release */ = {
			isa = XCBuildConfiguration;
			buildSettings = {
				ASSETCATALOG_COMPILER_APPICON_NAME = AppIcon;
				ASSETCATALOG_COMPILER_GLOBAL_ACCENT_COLOR_NAME = AccentColor;
				ASSETCATALOG_COMPILER_INCLUDE_ALL_APPICON_ASSETS = NO;
				CODE_SIGN_ENTITLEMENTS = "ADHD LifeOS/ADHD LifeOS.entitlements";
				CODE_SIGN_STYLE = Automatic;
				CURRENT_PROJECT_VERSION = 1;
				DEVELOPMENT_TEAM = 3U587KEQ5C;
				ENABLE_PREVIEWS = YES;
				GENERATE_INFOPLIST_FILE = YES;
				INFOPLIST_FILE = "ADHD LifeOS/Info.plist";
				INFOPLIST_KEY_CFBundleDisplayName = LifeOS;
				INFOPLIST_KEY_LSApplicationCategoryType = "public.app-category.productivity";
				INFOPLIST_KEY_NSCameraUsageDescription = "ADHD LifeOS uses the camera to take a photo for a capture.";
				INFOPLIST_KEY_NSLocationAlwaysAndWhenInUseUsageDescription = "Lets Momentum nudge you when you arrive at one of your places — like surfacing your errands when you reach the shops. Your location is never shared with anyone.";
				INFOPLIST_KEY_NSLocationWhenInUseUsageDescription = "Records where a capture, journal entry or focus sprint happened, so you can see where you actually get things done.";
				INFOPLIST_KEY_NSMicrophoneUsageDescription = "ADHD LifeOS uses the microphone to record a voice note for a capture.";
				INFOPLIST_KEY_NSPhotoLibraryUsageDescription = "ADHD LifeOS uses your photo library to attach a photo to a capture.";
				INFOPLIST_KEY_NSSpeechRecognitionUsageDescription = "ADHD LifeOS uses speech recognition to transcribe your voice note.";
				INFOPLIST_KEY_NSSupportsLiveActivities = YES;
				INFOPLIST_KEY_UIApplicationSceneManifest_Generation = YES;
				INFOPLIST_KEY_UIApplicationSupportsIndirectInputEvents = YES;
				INFOPLIST_KEY_UILaunchScreen_Generation = YES;
				INFOPLIST_KEY_UISupportedInterfaceOrientations = "UIInterfaceOrientationLandscapeLeft UIInterfaceOrientationLandscapeRight UIInterfaceOrientationPortrait UIInterfaceOrientationPortraitUpsideDown";
				LD_RUNPATH_SEARCH_PATHS = (
					"$(inherited)",
					"@executable_path/Frameworks",
				);
				MARKETING_VERSION = 1.3;
				PRODUCT_BUNDLE_IDENTIFIER = "com.ethananthony.ADHD-LifeOS";
				PRODUCT_NAME = "$(TARGET_NAME)";
				STRING_CATALOG_GENERATE_SYMBOLS = YES;
				SWIFT_APPROACHABLE_CONCURRENCY = YES;
				SWIFT_DEFAULT_ACTOR_ISOLATION = MainActor;
				SWIFT_EMIT_LOC_STRINGS = YES;
				SWIFT_UPCOMING_FEATURE_MEMBER_IMPORT_VISIBILITY = YES;
				SWIFT_VERSION = 5.0;
				TARGETED_DEVICE_FAMILY = "1,2";
			};
			name = Release;
		};
		AAF46F693009F8C0008ECC13 /* Debug */ = {
			isa = XCBuildConfiguration;
			buildSettings = {
				BUNDLE_LOADER = "$(TEST_HOST)";
				CODE_SIGN_STYLE = Automatic;
				CURRENT_PROJECT_VERSION = 1;
				DEVELOPMENT_TEAM = 3U587KEQ5C;
				GENERATE_INFOPLIST_FILE = YES;
				IPHONEOS_DEPLOYMENT_TARGET = 16.0;
				MARKETING_VERSION = 1.0;
				PRODUCT_BUNDLE_IDENTIFIER = "com.ethananthony.ADHD-LifeOSTests";
				PRODUCT_NAME = "$(TARGET_NAME)";
				STRING_CATALOG_GENERATE_SYMBOLS = NO;
				SWIFT_APPROACHABLE_CONCURRENCY = YES;
				SWIFT_EMIT_LOC_STRINGS = NO;
				SWIFT_UPCOMING_FEATURE_MEMBER_IMPORT_VISIBILITY = YES;
				SWIFT_VERSION = 5.0;
				TARGETED_DEVICE_FAMILY = "1,2";
				TEST_HOST = "$(BUILT_PRODUCTS_DIR)/ADHD LifeOS.app/$(BUNDLE_EXECUTABLE_FOLDER_PATH)/ADHD LifeOS";
			};
			name = Debug;
		};
		AAF46F6A3009F8C0008ECC13 /* Release */ = {
			isa = XCBuildConfiguration;
			buildSettings = {
				BUNDLE_LOADER = "$(TEST_HOST)";
				CODE_SIGN_STYLE = Automatic;
				CURRENT_PROJECT_VERSION = 1;
				DEVELOPMENT_TEAM = 3U587KEQ5C;
				GENERATE_INFOPLIST_FILE = YES;
				IPHONEOS_DEPLOYMENT_TARGET = 16.0;
				MARKETING_VERSION = 1.0;
				PRODUCT_BUNDLE_IDENTIFIER = "com.ethananthony.ADHD-LifeOSTests";
				PRODUCT_NAME = "$(TARGET_NAME)";
				STRING_CATALOG_GENERATE_SYMBOLS = NO;
				SWIFT_APPROACHABLE_CONCURRENCY = YES;
				SWIFT_EMIT_LOC_STRINGS = NO;
				SWIFT_UPCOMING_FEATURE_MEMBER_IMPORT_VISIBILITY = YES;
				SWIFT_VERSION = 5.0;
				TARGETED_DEVICE_FAMILY = "1,2";
				TEST_HOST = "$(BUILT_PRODUCTS_DIR)/ADHD LifeOS.app/$(BUNDLE_EXECUTABLE_FOLDER_PATH)/ADHD LifeOS";
			};
			name = Release;
		};
		AAF46F6C3009F8C0008ECC13 /* Debug */ = {
			isa = XCBuildConfiguration;
			buildSettings = {
				CODE_SIGN_STYLE = Automatic;
				CURRENT_PROJECT_VERSION = 1;
				DEVELOPMENT_TEAM = 3U587KEQ5C;
				GENERATE_INFOPLIST_FILE = YES;
				MARKETING_VERSION = 1.0;
				PRODUCT_BUNDLE_IDENTIFIER = "com.ethananthony.ADHD-LifeOSUITests";
				PRODUCT_NAME = "$(TARGET_NAME)";
				STRING_CATALOG_GENERATE_SYMBOLS = NO;
				SWIFT_APPROACHABLE_CONCURRENCY = YES;
				SWIFT_EMIT_LOC_STRINGS = NO;
				SWIFT_UPCOMING_FEATURE_MEMBER_IMPORT_VISIBILITY = YES;
				SWIFT_VERSION = 5.0;
				TARGETED_DEVICE_FAMILY = "1,2";
				TEST_TARGET_NAME = "ADHD LifeOS";
			};
			name = Debug;
		};
		AAF46F6D3009F8C0008ECC13 /* Release */ = {
			isa = XCBuildConfiguration;
			buildSettings = {
				CODE_SIGN_STYLE = Automatic;
				CURRENT_PROJECT_VERSION = 1;
				DEVELOPMENT_TEAM = 3U587KEQ5C;
				GENERATE_INFOPLIST_FILE = YES;
				MARKETING_VERSION = 1.0;
				PRODUCT_BUNDLE_IDENTIFIER = "com.ethananthony.ADHD-LifeOSUITests";
				PRODUCT_NAME = "$(TARGET_NAME)";
				STRING_CATALOG_GENERATE_SYMBOLS = NO;
				SWIFT_APPROACHABLE_CONCURRENCY = YES;
				SWIFT_EMIT_LOC_STRINGS = NO;
				SWIFT_UPCOMING_FEATURE_MEMBER_IMPORT_VISIBILITY = YES;
				SWIFT_VERSION = 5.0;
				TARGETED_DEVICE_FAMILY = "1,2";
				TEST_TARGET_NAME = "ADHD LifeOS";
			};
			name = Release;
		};
/* End XCBuildConfiguration section */

/* Begin XCConfigurationList section */
		AA62CFCA3036187E009FA90C /* Build configuration list for PBXNativeTarget "FocusTimerWidgetExtension" */ = {
			isa = XCConfigurationList;
			buildConfigurations = (
				AA62CFC83036187E009FA90C /* Debug */,
				AA62CFC93036187E009FA90C /* Release */,
			);
			defaultConfigurationIsVisible = 0;
			defaultConfigurationName = Release;
		};
		AAF46F3F3009F8BE008ECC13 /* Build configuration list for PBXProject "ADHD LifeOS" */ = {
			isa = XCConfigurationList;
			buildConfigurations = (
				AAF46F633009F8C0008ECC13 /* Debug */,
				AAF46F643009F8C0008ECC13 /* Release */,
			);
			defaultConfigurationIsVisible = 0;
			defaultConfigurationName = Release;
		};
		AAF46F653009F8C0008ECC13 /* Build configuration list for PBXNativeTarget "ADHD LifeOS" */ = {
			isa = XCConfigurationList;
			buildConfigurations = (
				AAF46F663009F8C0008ECC13 /* Debug */,
				AAF46F673009F8C0008ECC13 /* Release */,
			);
			defaultConfigurationIsVisible = 0;
			defaultConfigurationName = Release;
		};
		AAF46F683009F8C0008ECC13 /* Build configuration list for PBXNativeTarget "ADHD LifeOSTests" */ = {
			isa = XCConfigurationList;
			buildConfigurations = (
				AAF46F693009F8C0008ECC13 /* Debug */,
				AAF46F6A3009F8C0008ECC13 /* Release */,
			);
			defaultConfigurationIsVisible = 0;
			defaultConfigurationName = Release;
		};
		AAF46F6B3009F8C0008ECC13 /* Build configuration list for PBXNativeTarget "ADHD LifeOSUITests" */ = {
			isa = XCConfigurationList;
			buildConfigurations = (
				AAF46F6C3009F8C0008ECC13 /* Debug */,
				AAF46F6D3009F8C0008ECC13 /* Release */,
			);
			defaultConfigurationIsVisible = 0;
			defaultConfigurationName = Release;
		};
/* End XCConfigurationList section */

/* Begin XCRemoteSwiftPackageReference section */
		FA0000013009F8C0008ECC01 /* XCRemoteSwiftPackageReference "firebase-ios-sdk" */ = {
			isa = XCRemoteSwiftPackageReference;
			repositoryURL = "https://github.com/firebase/firebase-ios-sdk";
			requirement = {
				kind = upToNextMajorVersion;
				minimumVersion = 12.0.0;
			};
		};
/* End XCRemoteSwiftPackageReference section */

/* Begin XCSwiftPackageProductDependency section */
		FA0000023009F8C0008ECC02 /* FirebaseAuth */ = {
			isa = XCSwiftPackageProductDependency;
			package = FA0000013009F8C0008ECC01 /* XCRemoteSwiftPackageReference "firebase-ios-sdk" */;
			productName = FirebaseAuth;
		};
		FA0000033009F8C0008ECC03 /* FirebaseFirestore */ = {
			isa = XCSwiftPackageProductDependency;
			package = FA0000013009F8C0008ECC01 /* XCRemoteSwiftPackageReference "firebase-ios-sdk" */;
			productName = FirebaseFirestore;
		};
		FA0000063009F8C0008ECC06 /* FirebaseStorage */ = {
			isa = XCSwiftPackageProductDependency;
			package = FA0000013009F8C0008ECC01 /* XCRemoteSwiftPackageReference "firebase-ios-sdk" */;
			productName = FirebaseStorage;
		};
/* End XCSwiftPackageProductDependency section */
	};
	rootObject = AAF46F3C3009F8BE008ECC13 /* Project object */;
}
